
Microsoft Visual Studio Solution File, Format Version 12.00
# Visual Studio 15
VisualStudioVersion = 15.0.26730.16
MinimumVisualStudioVersion = 10.0.40219.1
Project("{FAE04EC0-301F-11D3-BF4B-00C04F79EFBC}") = "FirstVariable", "FirstVariable\FirstVariable.csproj", "{6DE59C64-04E1-42CD-89E1-833A9699F4E3}"
EndProject
Global
	GlobalSection(SolutionConfigurationPlatforms) = preSolution
		Debug|Any CPU = Debug|Any CPU
		Release|Any CPU = Release|Any CPU
	EndGlobalSection
	GlobalSection(ProjectConfigurationPlatforms) = postSolution
		{6DE59C64-04E1-42CD-89E1-833A9699F4E3}.Debug|Any CPU.ActiveCfg = Debug|Any CPU
		{6DE59C64-04E1-42CD-89E1-833A9699F4E3}.Debug|Any CPU.Build.0 = Debug|Any CPU
		{6DE59C64-04E1-42CD-89E1-833A9699F4E3}.Release|Any CPU.ActiveCfg = Release|Any CPU
		{6DE59C64-04E1-42CD-89E1-833A9699F4E3}.Release|Any CPU.Build.0 = Release|Any CPU
	EndGlobalSection
	GlobalSection(SolutionProperties) = preSolution
		HideSolutionNode = FALSE
	EndGlobalSection
	GlobalSection(ExtensibilityGlobals) = postSolution
		SolutionGuid = {3E8E8F85-8A15-42D2-866E-290001B240E1}
	EndGlobalSection
EndGlobal
