
Microsoft Visual Studio Solution File, Format Version 12.00
# Visual Studio 15
VisualStudioVersion = 15.0.26730.16
MinimumVisualStudioVersion = 10.0.40219.1
Project("{FAE04EC0-301F-11D3-BF4B-00C04F79EFBC}") = "Assignment operations", "Assignment operations\Assignment operations.csproj", "{C8D9D504-7222-485B-BFB5-5C00256C5DA8}"
EndProject
Global
	GlobalSection(SolutionConfigurationPlatforms) = preSolution
		Debug|Any CPU = Debug|Any CPU
		Release|Any CPU = Release|Any CPU
	EndGlobalSection
	GlobalSection(ProjectConfigurationPlatforms) = postSolution
		{C8D9D504-7222-485B-BFB5-5C00256C5DA8}.Debug|Any CPU.ActiveCfg = Debug|Any CPU
		{C8D9D504-7222-485B-BFB5-5C00256C5DA8}.Debug|Any CPU.Build.0 = Debug|Any CPU
		{C8D9D504-7222-485B-BFB5-5C00256C5DA8}.Release|Any CPU.ActiveCfg = Release|Any CPU
		{C8D9D504-7222-485B-BFB5-5C00256C5DA8}.Release|Any CPU.Build.0 = Release|Any CPU
	EndGlobalSection
	GlobalSection(SolutionProperties) = preSolution
		HideSolutionNode = FALSE
	EndGlobalSection
	GlobalSection(ExtensibilityGlobals) = postSolution
		SolutionGuid = {9FB2576C-5AD3-4514-AC33-B0011C010CD5}
	EndGlobalSection
EndGlobal
